// !$*UTF8*$!
{
	archiveVersion = 1;
	classes = {
	};
	objectVersion = 46;
	objects = {

/* Begin PBXBuildFile section */
		AFB9DD7D1872900E002DA0A4 /* Foundation.framework in Frameworks */ = {isa = PBXBuildFile; fileRef = AFB9DD7C1872900E002DA0A4 /* Foundation.framework */; };
		AFB9DD7F1872900E002DA0A4 /* CoreGraphics.framework in Frameworks */ = {isa = PBXBuildFile; fileRef = AFB9DD7E1872900E002DA0A4 /* CoreGraphics.framework */; };
		AFB9DD811872900E002DA0A4 /* UIKit.framework in Frameworks */ = {isa = PBXBuildFile; fileRef = AFB9DD801872900E002DA0A4 /* UIKit.framework */; };
		AFB9DD871872900E002DA0A4 /* InfoPlist.strings in Resources */ = {isa = PBXBuildFile; fileRef = AFB9DD851872900E002DA0A4 /* InfoPlist.strings */; };
		AFB9DD891872900E002DA0A4 /* main.m in Sources */ = {isa = PBXBuildFile; fileRef = AFB9DD881872900E002DA0A4 /* main.m */; };
		AFB9DD8D1872900E002DA0A4 /* SSAppDelegate.m in Sources */ = {isa = PBXBuildFile; fileRef = AFB9DD8C1872900E002DA0A4 /* SSAppDelegate.m */; };
		AFB9DD901872900E002DA0A4 /* Main.storyboard in Resources */ = {isa = PBXBuildFile; fileRef = AFB9DD8E1872900E002DA0A4 /* Main.storyboard */; };
		AFB9DD931872900E002DA0A4 /* SSViewController.m in Sources */ = {isa = PBXBuildFile; fileRef = AFB9DD921872900E002DA0A4 /* SSViewController.m */; };
		AFB9DD951872900E002DA0A4 /* Images.xcassets in Resources */ = {isa = PBXBuildFile; fileRef = AFB9DD941872900E002DA0A4 /* Images.xcassets */; };
		AFB9DD9C1872900E002DA0A4 /* XCTest.framework in Frameworks */ = {isa = PBXBuildFile; fileRef = AFB9DD9B1872900E002DA0A4 /* XCTest.framework */; };
		AFB9DD9D1872900E002DA0A4 /* Foundation.framework in Frameworks */ = {isa = PBXBuildFile; fileRef = AFB9DD7C1872900E002DA0A4 /* Foundation.framework */; };
		AFB9DD9E1872900E002DA0A4 /* UIKit.framework in Frameworks */ = {isa = PBXBuildFile; fileRef = AFB9DD801872900E002DA0A4 /* UIKit.framework */; };
		AFB9DDA61872900E002DA0A4 /* InfoPlist.strings in Resources */ = {isa = PBXBuildFile; fileRef = AFB9DDA41872900E002DA0A4 /* InfoPlist.strings */; };
		AFB9DDA81872900E002DA0A4 /* BreadcrumbViewTests.m in Sources */ = {isa = PBXBuildFile; fileRef = AFB9DDA71872900E002DA0A4 /* BreadcrumbViewTests.m */; };
		AFB9DDB418729218002DA0A4 /* SSBreadCrumbStartView.m in Sources */ = {isa = PBXBuildFile; fileRef = AFB9DDB318729218002DA0A4 /* SSBreadCrumbStartView.m */; };
		AFB9DDB71872924F002DA0A4 /* SSBreadCrumbSubPartView.m in Sources */ = {isa = PBXBuildFile; fileRef = AFB9DDB61872924E002DA0A4 /* SSBreadCrumbSubPartView.m */; };
		AFB9DDBA1872947E002DA0A4 /* SSBreadCrumbView.m in Sources */ = {isa = PBXBuildFile; fileRef = AFB9DDB91872947E002DA0A4 /* SSBreadCrumbView.m */; };
/* End PBXBuildFile section */

/* Begin PBXContainerItemProxy section */
		AFB9DD9F1872900E002DA0A4 /* PBXContainerItemProxy */ = {
			isa = PBXContainerItemProxy;
			containerPortal = AFB9DD711872900E002DA0A4 /* Project object */;
			proxyType = 1;
			remoteGlobalIDString = AFB9DD781872900E002DA0A4;
			remoteInfo = BreadcrumbView;
		};
/* End PBXContainerItemProxy section */

/* Begin PBXFileReference section */
		AFB9DD791872900E002DA0A4 /* BreadcrumbView.app */ = {isa = PBXFileReference; explicitFileType = wrapper.application; includeInIndex = 0; path = BreadcrumbView.app; sourceTree = BUILT_PRODUCTS_DIR; };
		AFB9DD7C1872900E002DA0A4 /* Foundation.framework */ = {isa = PBXFileReference; lastKnownFileType = wrapper.framework; name = Foundation.framework; path = System/Library/Frameworks/Foundation.framework; sourceTree = SDKROOT; };
		AFB9DD7E1872900E002DA0A4 /* CoreGraphics.framework */ = {isa = PBXFileReference; lastKnownFileType = wrapper.framework; name = CoreGraphics.framework; path = System/Library/Frameworks/CoreGraphics.framework; sourceTree = SDKROOT; };
		AFB9DD801872900E002DA0A4 /* UIKit.framework */ = {isa = PBXFileReference; lastKnownFileType = wrapper.framework; name = UIKit.framework; path = System/Library/Frameworks/UIKit.framework; sourceTree = SDKROOT; };
		AFB9DD841872900E002DA0A4 /* BreadcrumbView-Info.plist */ = {isa = PBXFileReference; lastKnownFileType = text.plist.xml; path = "BreadcrumbView-Info.plist"; sourceTree = "<group>"; };
		AFB9DD861872900E002DA0A4 /* en */ = {isa = PBXFileReference; lastKnownFileType = text.plist.strings; name = en; path = en.lproj/InfoPlist.strings; sourceTree = "<group>"; };
		AFB9DD881872900E002DA0A4 /* main.m */ = {isa = PBXFileReference; lastKnownFileType = sourcecode.c.objc; path = main.m; sourceTree = "<group>"; };
		AFB9DD8A1872900E002DA0A4 /* BreadcrumbView-Prefix.pch */ = {isa = PBXFileReference; lastKnownFileType = sourcecode.c.h; path = "BreadcrumbView-Prefix.pch"; sourceTree = "<group>"; };
		AFB9DD8B1872900E002DA0A4 /* SSAppDelegate.h */ = {isa = PBXFileReference; lastKnownFileType = sourcecode.c.h; path = SSAppDelegate.h; sourceTree = "<group>"; };
		AFB9DD8C1872900E002DA0A4 /* SSAppDelegate.m */ = {isa = PBXFileReference; lastKnownFileType = sourcecode.c.objc; path = SSAppDelegate.m; sourceTree = "<group>"; };
		AFB9DD8F1872900E002DA0A4 /* Base */ = {isa = PBXFileReference; lastKnownFileType = file.storyboard; name = Base; path = Base.lproj/Main.storyboard; sourceTree = "<group>"; };
		AFB9DD911872900E002DA0A4 /* SSViewController.h */ = {isa = PBXFileReference; lastKnownFileType = sourcecode.c.h; path = SSViewController.h; sourceTree = "<group>"; };
		AFB9DD921872900E002DA0A4 /* SSViewController.m */ = {isa = PBXFileReference; lastKnownFileType = sourcecode.c.objc; path = SSViewController.m; sourceTree = "<group>"; };
		AFB9DD941872900E002DA0A4 /* Images.xcassets */ = {isa = PBXFileReference; lastKnownFileType = folder.assetcatalog; path = Images.xcassets; sourceTree = "<group>"; };
		AFB9DD9A1872900E002DA0A4 /* BreadcrumbViewTests.xctest */ = {isa = PBXFileReference; explicitFileType = wrapper.cfbundle; includeInIndex = 0; path = BreadcrumbViewTests.xctest; sourceTree = BUILT_PRODUCTS_DIR; };
		AFB9DD9B1872900E002DA0A4 /* XCTest.framework */ = {isa = PBXFileReference; lastKnownFileType = wrapper.framework; name = XCTest.framework; path = Library/Frameworks/XCTest.framework; sourceTree = DEVELOPER_DIR; };
		AFB9DDA31872900E002DA0A4 /* BreadcrumbViewTests-Info.plist */ = {isa = PBXFileReference; lastKnownFileType = text.plist.xml; path = "BreadcrumbViewTests-Info.plist"; sourceTree = "<group>"; };
		AFB9DDA51872900E002DA0A4 /* en */ = {isa = PBXFileReference; lastKnownFileType = text.plist.strings; name = en; path = en.lproj/InfoPlist.strings; sourceTree = "<group>"; };
		AFB9DDA71872900E002DA0A4 /* BreadcrumbViewTests.m */ = {isa = PBXFileReference; lastKnownFileType = sourcecode.c.objc; path = BreadcrumbViewTests.m; sourceTree = "<group>"; };
		AFB9DDB218729218002DA0A4 /* SSBreadCrumbStartView.h */ = {isa = PBXFileReference; fileEncoding = 4; lastKnownFileType = sourcecode.c.h; path = SSBreadCrumbStartView.h; sourceTree = "<group>"; };
		AFB9DDB318729218002DA0A4 /* SSBreadCrumbStartView.m */ = {isa = PBXFileReference; fileEncoding = 4; lastKnownFileType = sourcecode.c.objc; path = SSBreadCrumbStartView.m; sourceTree = "<group>"; };
		AFB9DDB51872924E002DA0A4 /* SSBreadCrumbSubPartView.h */ = {isa = PBXFileReference; fileEncoding = 4; lastKnownFileType = sourcecode.c.h; path = SSBreadCrumbSubPartView.h; sourceTree = "<group>"; };
		AFB9DDB61872924E002DA0A4 /* SSBreadCrumbSubPartView.m */ = {isa = PBXFileReference; fileEncoding = 4; lastKnownFileType = sourcecode.c.objc; path = SSBreadCrumbSubPartView.m; sourceTree = "<group>"; };
		AFB9DDB81872947E002DA0A4 /* SSBreadCrumbView.h */ = {isa = PBXFileReference; fileEncoding = 4; lastKnownFileType = sourcecode.c.h; path = SSBreadCrumbView.h; sourceTree = "<group>"; };
		AFB9DDB91872947E002DA0A4 /* SSBreadCrumbView.m */ = {isa = PBXFileReference; fileEncoding = 4; lastKnownFileType = sourcecode.c.objc; path = SSBreadCrumbView.m; sourceTree = "<group>"; };
/* End PBXFileReference section */

/* Begin PBXFrameworksBuildPhase section */
		AFB9DD761872900E002DA0A4 /* Frameworks */ = {
			isa = PBXFrameworksBuildPhase;
			buildActionMask = 2147483647;
			files = (
				AFB9DD7F1872900E002DA0A4 /* CoreGraphics.framework in Frameworks */,
				AFB9DD811872900E002DA0A4 /* UIKit.framework in Frameworks */,
				AFB9DD7D1872900E002DA0A4 /* Foundation.framework in Frameworks */,
			);
			runOnlyForDeploymentPostprocessing = 0;
		};
		AFB9DD971872900E002DA0A4 /* Frameworks */ = {
			isa = PBXFrameworksBuildPhase;
			buildActionMask = 2147483647;
			files = (
				AFB9DD9C1872900E002DA0A4 /* XCTest.framework in Frameworks */,
				AFB9DD9E1872900E002DA0A4 /* UIKit.framework in Frameworks */,
				AFB9DD9D1872900E002DA0A4 /* Foundation.framework in Frameworks */,
			);
			runOnlyForDeploymentPostprocessing = 0;
		};
/* End PBXFrameworksBuildPhase section */

/* Begin PBXGroup section */
		AFB9DD701872900E002DA0A4 = {
			isa = PBXGroup;
			children = (
				AFB9DD821872900E002DA0A4 /* BreadcrumbView */,
				AFB9DDA11872900E002DA0A4 /* BreadcrumbViewTests */,
				AFB9DD7B1872900E002DA0A4 /* Frameworks */,
				AFB9DD7A1872900E002DA0A4 /* Products */,
			);
			sourceTree = "<group>";
		};
		AFB9DD7A1872900E002DA0A4 /* Products */ = {
			isa = PBXGroup;
			children = (
				AFB9DD791872900E002DA0A4 /* BreadcrumbView.app */,
				AFB9DD9A1872900E002DA0A4 /* BreadcrumbViewTests.xctest */,
			);
			name = Products;
			sourceTree = "<group>";
		};
		AFB9DD7B1872900E002DA0A4 /* Frameworks */ = {
			isa = PBXGroup;
			children = (
				AFB9DD7C1872900E002DA0A4 /* Foundation.framework */,
				AFB9DD7E1872900E002DA0A4 /* CoreGraphics.framework */,
				AFB9DD801872900E002DA0A4 /* UIKit.framework */,
				AFB9DD9B1872900E002DA0A4 /* XCTest.framework */,
			);
			name = Frameworks;
			sourceTree = "<group>";
		};
		AFB9DD821872900E002DA0A4 /* BreadcrumbView */ = {
			isa = PBXGroup;
			children = (
				AFB9DD8B1872900E002DA0A4 /* SSAppDelegate.h */,
				AFB9DD8C1872900E002DA0A4 /* SSAppDelegate.m */,
				AFB9DD8E1872900E002DA0A4 /* Main.storyboard */,
				AFB9DD911872900E002DA0A4 /* SSViewController.h */,
				AFB9DD921872900E002DA0A4 /* SSViewController.m */,
				AFB9DDB218729218002DA0A4 /* SSBreadCrumbStartView.h */,
				AFB9DDB318729218002DA0A4 /* SSBreadCrumbStartView.m */,
				AFB9DDB51872924E002DA0A4 /* SSBreadCrumbSubPartView.h */,
				AFB9DDB61872924E002DA0A4 /* SSBreadCrumbSubPartView.m */,
				AFB9DDB81872947E002DA0A4 /* SSBreadCrumbView.h */,
				AFB9DDB91872947E002DA0A4 /* SSBreadCrumbView.m */,
				AFB9DD941872900E002DA0A4 /* Images.xcassets */,
				AFB9DD831872900E002DA0A4 /* Supporting Files */,
			);
			path = BreadcrumbView;
			sourceTree = "<group>";
		};
		AFB9DD831872900E002DA0A4 /* Supporting Files */ = {
			isa = PBXGroup;
			children = (
				AFB9DD841872900E002DA0A4 /* BreadcrumbView-Info.plist */,
				AFB9DD851872900E002DA0A4 /* InfoPlist.strings */,
				AFB9DD881872900E002DA0A4 /* main.m */,
				AFB9DD8A1872900E002DA0A4 /* BreadcrumbView-Prefix.pch */,
			);
			name = "Supporting Files";
			sourceTree = "<group>";
		};
		AFB9DDA11872900E002DA0A4 /* BreadcrumbViewTests */ = {
			isa = PBXGroup;
			children = (
				AFB9DDA71872900E002DA0A4 /* BreadcrumbViewTests.m */,
				AFB9DDA21872900E002DA0A4 /* Supporting Files */,
			);
			path = BreadcrumbViewTests;
			sourceTree = "<group>";
		};
		AFB9DDA21872900E002DA0A4 /* Supporting Files */ = {
			isa = PBXGroup;
			children = (
				AFB9DDA31872900E002DA0A4 /* BreadcrumbViewTests-Info.plist */,
				AFB9DDA41872900E002DA0A4 /* InfoPlist.strings */,
			);
			name = "Supporting Files";
			sourceTree = "<group>";
		};
/* End PBXGroup section */

/* Begin PBXNativeTarget section */
		AFB9DD781872900E002DA0A4 /* BreadcrumbView */ = {
			isa = PBXNativeTarget;
			buildConfigurationList = AFB9DDAB1872900E002DA0A4 /* Build configuration list for PBXNativeTarget "BreadcrumbView" */;
			buildPhases = (
				AFB9DD751872900E002DA0A4 /* Sources */,
				AFB9DD761872900E002DA0A4 /* Frameworks */,
				AFB9DD771872900E002DA0A4 /* Resources */,
			);
			buildRules = (
			);
			dependencies = (
			);
			name = BreadcrumbView;
			productName = BreadcrumbView;
			productReference = AFB9DD791872900E002DA0A4 /* BreadcrumbView.app */;
			productType = "com.apple.product-type.application";
		};
		AFB9DD991872900E002DA0A4 /* BreadcrumbViewTests */ = {
			isa = PBXNativeTarget;
			buildConfigurationList = AFB9DDAE1872900E002DA0A4 /* Build configuration list for PBXNativeTarget "BreadcrumbViewTests" */;
			buildPhases = (
				AFB9DD961872900E002DA0A4 /* Sources */,
				AFB9DD971872900E002DA0A4 /* Frameworks */,
				AFB9DD981872900E002DA0A4 /* Resources */,
			);
			buildRules = (
			);
			dependencies = (
				AFB9DDA01872900E002DA0A4 /* PBXTargetDependency */,
			);
			name = BreadcrumbViewTests;
			productName = BreadcrumbViewTests;
			productReference = AFB9DD9A1872900E002DA0A4 /* BreadcrumbViewTests.xctest */;
			productType = "com.apple.product-type.bundle.unit-test";
		};
/* End PBXNativeTarget section */

/* Begin PBXProject section */
		AFB9DD711872900E002DA0A4 /* Project object */ = {
			isa = PBXProject;
			attributes = {
				CLASSPREFIX = SS;
				LastUpgradeCheck = 0500;
				ORGANIZATIONNAME = Sopan;
				TargetAttributes = {
					AFB9DD991872900E002DA0A4 = {
						TestTargetID = AFB9DD781872900E002DA0A4;
					};
				};
			};
			buildConfigurationList = AFB9DD741872900E002DA0A4 /* Build configuration list for PBXProject "BreadcrumbView" */;
			compatibilityVersion = "Xcode 3.2";
			developmentRegion = English;
			hasScannedForEncodings = 0;
			knownRegions = (
				en,
				Base,
			);
			mainGroup = AFB9DD701872900E002DA0A4;
			productRefGroup = AFB9DD7A1872900E002DA0A4 /* Products */;
			projectDirPath = "";
			projectRoot = "";
			targets = (
				AFB9DD781872900E002DA0A4 /* BreadcrumbView */,
				AFB9DD991872900E002DA0A4 /* BreadcrumbViewTests */,
			);
		};
/* End PBXProject section */

/* Begin PBXResourcesBuildPhase section */
		AFB9DD771872900E002DA0A4 /* Resources */ = {
			isa = PBXResourcesBuildPhase;
			buildActionMask = 2147483647;
			files = (
				AFB9DD951872900E002DA0A4 /* Images.xcassets in Resources */,
				AFB9DD871872900E002DA0A4 /* InfoPlist.strings in Resources */,
				AFB9DD901872900E002DA0A4 /* Main.storyboard in Resources */,
			);
			runOnlyForDeploymentPostprocessing = 0;
		};
		AFB9DD981872900E002DA0A4 /* Resources */ = {
			isa = PBXResourcesBuildPhase;
			buildActionMask = 2147483647;
			files = (
				AFB9DDA61872900E002DA0A4 /* InfoPlist.strings in Resources */,
			);
			runOnlyForDeploymentPostprocessing = 0;
		};
/* End PBXResourcesBuildPhase section */

/* Begin PBXSourcesBuildPhase section */
		AFB9DD751872900E002DA0A4 /* Sources */ = {
			isa = PBXSourcesBuildPhase;
			buildActionMask = 2147483647;
			files = (
				AFB9DDB418729218002DA0A4 /* SSBreadCrumbStartView.m in Sources */,
				AFB9DD931872900E002DA0A4 /* SSViewController.m in Sources */,
				AFB9DD8D1872900E002DA0A4 /* SSAppDelegate.m in Sources */,
				AFB9DDBA1872947E002DA0A4 /* SSBreadCrumbView.m in Sources */,
				AFB9DDB71872924F002DA0A4 /* SSBreadCrumbSubPartView.m in Sources */,
				AFB9DD891872900E002DA0A4 /* main.m in Sources */,
			);
			runOnlyForDeploymentPostprocessing = 0;
		};
		AFB9DD961872900E002DA0A4 /* Sources */ = {
			isa = PBXSourcesBuildPhase;
			buildActionMask = 2147483647;
			files = (
				AFB9DDA81872900E002DA0A4 /* BreadcrumbViewTests.m in Sources */,
			);
			runOnlyForDeploymentPostprocessing = 0;
		};
/* End PBXSourcesBuildPhase section */

/* Begin PBXTargetDependency section */
		AFB9DDA01872900E002DA0A4 /* PBXTargetDependency */ = {
			isa = PBXTargetDependency;
			target = AFB9DD781872900E002DA0A4 /* BreadcrumbView */;
			targetProxy = AFB9DD9F1872900E002DA0A4 /* PBXContainerItemProxy */;
		};
/* End PBXTargetDependency section */

/* Begin PBXVariantGroup section */
		AFB9DD851872900E002DA0A4 /* InfoPlist.strings */ = {
			isa = PBXVariantGroup;
			children = (
				AFB9DD861872900E002DA0A4 /* en */,
			);
			name = InfoPlist.strings;
			sourceTree = "<group>";
		};
		AFB9DD8E1872900E002DA0A4 /* Main.storyboard */ = {
			isa = PBXVariantGroup;
			children = (
				AFB9DD8F1872900E002DA0A4 /* Base */,
			);
			name = Main.storyboard;
			sourceTree = "<group>";
		};
		AFB9DDA41872900E002DA0A4 /* InfoPlist.strings */ = {
			isa = PBXVariantGroup;
			children = (
				AFB9DDA51872900E002DA0A4 /* en */,
			);
			name = InfoPlist.strings;
			sourceTree = "<group>";
		};
/* End PBXVariantGroup section */

/* Begin XCBuildConfiguration section */
		AFB9DDA91872900E002DA0A4 /* Debug */ = {
			isa = XCBuildConfiguration;
			buildSettings = {
				ALWAYS_SEARCH_USER_PATHS = NO;
				ARCHS = "$(ARCHS_STANDARD_INCLUDING_64_BIT)";
				CLANG_CXX_LANGUAGE_STANDARD = "gnu++0x";
				CLANG_CXX_LIBRARY = "libc++";
				CLANG_ENABLE_MODULES = YES;
				CLANG_ENABLE_OBJC_ARC = YES;
				CLANG_WARN_BOOL_CONVERSION = YES;
				CLANG_WARN_CONSTANT_CONVERSION = YES;
				CLANG_WARN_DIRECT_OBJC_ISA_USAGE = YES_ERROR;
				CLANG_WARN_EMPTY_BODY = YES;
				CLANG_WARN_ENUM_CONVERSION = YES;
				CLANG_WARN_INT_CONVERSION = YES;
				CLANG_WARN_OBJC_ROOT_CLASS = YES_ERROR;
				CLANG_WARN__DUPLICATE_METHOD_MATCH = YES;
				"CODE_SIGN_IDENTITY[sdk=iphoneos*]" = "iPhone Developer";
				COPY_PHASE_STRIP = NO;
				GCC_C_LANGUAGE_STANDARD = gnu99;
				GCC_DYNAMIC_NO_PIC = NO;
				GCC_OPTIMIZATION_LEVEL = 0;
				GCC_PREPROCESSOR_DEFINITIONS = (
					"DEBUG=1",
					"$(inherited)",
				);
				GCC_SYMBOLS_PRIVATE_EXTERN = NO;
				GCC_WARN_64_TO_32_BIT_CONVERSION = YES;
				GCC_WARN_ABOUT_RETURN_TYPE = YES_ERROR;
				GCC_WARN_UNDECLARED_SELECTOR = YES;
				GCC_WARN_UNINITIALIZED_AUTOS = YES;
				GCC_WARN_UNUSED_FUNCTION = YES;
				GCC_WARN_UNUSED_VARIABLE = YES;
				IPHONEOS_DEPLOYMENT_TARGET = 7.0;
				ONLY_ACTIVE_ARCH = YES;
				SDKROOT = iphoneos;
			};
			name = Debug;
		};
		AFB9DDAA1872900E002DA0A4 /* Release */ = {
			isa = XCBuildConfiguration;
			buildSettings = {
				ALWAYS_SEARCH_USER_PATHS = NO;
				ARCHS = "$(ARCHS_STANDARD_INCLUDING_64_BIT)";
				CLANG_CXX_LANGUAGE_STANDARD = "gnu++0x";
				CLANG_CXX_LIBRARY = "libc++";
				CLANG_ENABLE_MODULES = YES;
				CLANG_ENABLE_OBJC_ARC = YES;
				CLANG_WARN_BOOL_CONVERSION = YES;
				CLANG_WARN_CONSTANT_CONVERSION = YES;
				CLANG_WARN_DIRECT_OBJC_ISA_USAGE = YES_ERROR;
				CLANG_WARN_EMPTY_BODY = YES;
				CLANG_WARN_ENUM_CONVERSION = YES;
				CLANG_WARN_INT_CONVERSION = YES;
				CLANG_WARN_OBJC_ROOT_CLASS = YES_ERROR;
				CLANG_WARN__DUPLICATE_METHOD_MATCH = YES;
				"CODE_SIGN_IDENTITY[sdk=iphoneos*]" = "iPhone Developer";
				COPY_PHASE_STRIP = YES;
				ENABLE_NS_ASSERTIONS = NO;
				GCC_C_LANGUAGE_STANDARD = gnu99;
				GCC_WARN_64_TO_32_BIT_CONVERSION = YES;
				GCC_WARN_ABOUT_RETURN_TYPE = YES_ERROR;
				GCC_WARN_UNDECLARED_SELECTOR = YES;
				GCC_WARN_UNINITIALIZED_AUTOS = YES;
				GCC_WARN_UNUSED_FUNCTION = YES;
				GCC_WARN_UNUSED_VARIABLE = YES;
				IPHONEOS_DEPLOYMENT_TARGET = 7.0;
				SDKROOT = iphoneos;
				VALIDATE_PRODUCT = YES;
			};
			name = Release;
		};
		AFB9DDAC1872900E002DA0A4 /* Debug */ = {
			isa = XCBuildConfiguration;
			buildSettings = {
				ASSETCATALOG_COMPILER_APPICON_NAME = AppIcon;
				ASSETCATALOG_COMPILER_LAUNCHIMAGE_NAME = LaunchImage;
				GCC_PRECOMPILE_PREFIX_HEADER = YES;
				GCC_PREFIX_HEADER = "BreadcrumbView/BreadcrumbView-Prefix.pch";
				INFOPLIST_FILE = "BreadcrumbView/BreadcrumbView-Info.plist";
				PRODUCT_NAME = "$(TARGET_NAME)";
				WRAPPER_EXTENSION = app;
			};
			name = Debug;
		};
		AFB9DDAD1872900E002DA0A4 /* Release */ = {
			isa = XCBuildConfiguration;
			buildSettings = {
				ASSETCATALOG_COMPILER_APPICON_NAME = AppIcon;
				ASSETCATALOG_COMPILER_LAUNCHIMAGE_NAME = LaunchImage;
				GCC_PRECOMPILE_PREFIX_HEADER = YES;
				GCC_PREFIX_HEADER = "BreadcrumbView/BreadcrumbView-Prefix.pch";
				INFOPLIST_FILE = "BreadcrumbView/BreadcrumbView-Info.plist";
				PRODUCT_NAME = "$(TARGET_NAME)";
				WRAPPER_EXTENSION = app;
			};
			name = Release;
		};
		AFB9DDAF1872900E002DA0A4 /* Debug */ = {
			isa = XCBuildConfiguration;
			buildSettings = {
				ARCHS = "$(ARCHS_STANDARD_INCLUDING_64_BIT)";
				BUNDLE_LOADER = "$(BUILT_PRODUCTS_DIR)/BreadcrumbView.app/BreadcrumbView";
				FRAMEWORK_SEARCH_PATHS = (
					"$(SDKROOT)/Developer/Library/Frameworks",
					"$(inherited)",
					"$(DEVELOPER_FRAMEWORKS_DIR)",
				);
				GCC_PRECOMPILE_PREFIX_HEADER = YES;
				GCC_PREFIX_HEADER = "BreadcrumbView/BreadcrumbView-Prefix.pch";
				GCC_PREPROCESSOR_DEFINITIONS = (
					"DEBUG=1",
					"$(inherited)",
				);
				INFOPLIST_FILE = "BreadcrumbViewTests/BreadcrumbViewTests-Info.plist";
				PRODUCT_NAME = "$(TARGET_NAME)";
				TEST_HOST = "$(BUNDLE_LOADER)";
				WRAPPER_EXTENSION = xctest;
			};
			name = Debug;
		};
		AFB9DDB01872900E002DA0A4 /* Release */ = {
			isa = XCBuildConfiguration;
			buildSettings = {
				ARCHS = "$(ARCHS_STANDARD_INCLUDING_64_BIT)";
				BUNDLE_LOADER = "$(BUILT_PRODUCTS_DIR)/BreadcrumbView.app/BreadcrumbView";
				FRAMEWORK_SEARCH_PATHS = (
					"$(SDKROOT)/Developer/Library/Frameworks",
					"$(inherited)",
					"$(DEVELOPER_FRAMEWORKS_DIR)",
				);
				GCC_PRECOMPILE_PREFIX_HEADER = YES;
				GCC_PREFIX_HEADER = "BreadcrumbView/BreadcrumbView-Prefix.pch";
				INFOPLIST_FILE = "BreadcrumbViewTests/BreadcrumbViewTests-Info.plist";
				PRODUCT_NAME = "$(TARGET_NAME)";
				TEST_HOST = "$(BUNDLE_LOADER)";
				WRAPPER_EXTENSION = xctest;
			};
			name = Release;
		};
/* End XCBuildConfiguration section */

/* Begin XCConfigurationList section */
		AFB9DD741872900E002DA0A4 /* Build configuration list for PBXProject "BreadcrumbView" */ = {
			isa = XCConfigurationList;
			buildConfigurations = (
				AFB9DDA91872900E002DA0A4 /* Debug */,
				AFB9DDAA1872900E002DA0A4 /* Release */,
			);
			defaultConfigurationIsVisible = 0;
			defaultConfigurationName = Release;
		};
		AFB9DDAB1872900E002DA0A4 /* Build configuration list for PBXNativeTarget "BreadcrumbView" */ = {
			isa = XCConfigurationList;
			buildConfigurations = (
				AFB9DDAC1872900E002DA0A4 /* Debug */,
				AFB9DDAD1872900E002DA0A4 /* Release */,
			);
			defaultConfigurationIsVisible = 0;
		};
		AFB9DDAE1872900E002DA0A4 /* Build configuration list for PBXNativeTarget "BreadcrumbViewTests" */ = {
			isa = XCConfigurationList;
			buildConfigurations = (
				AFB9DDAF1872900E002DA0A4 /* Debug */,
				AFB9DDB01872900E002DA0A4 /* Release */,
			);
			defaultConfigurationIsVisible = 0;
		};
/* End XCConfigurationList section */
	};
	rootObject = AFB9DD711872900E002DA0A4 /* Project object */;
}
